
Microsoft Visual Studio Solution File, Format Version 12.00
# Visual Studio Version 16
VisualStudioVersion = 16.0.30413.136
MinimumVisualStudioVersion = 10.0.40219.1
Project("{9A19103F-16F7-4668-BE54-9A1E7A4F7556}") = "BattleUtilities", "BattleUtilities.csproj", "{1B5A15D1-927E-4BFA-81FA-F9CFFD4C9A48}"
EndProject
Global
	GlobalSection(SolutionConfigurationPlatforms) = preSolution
		Debug|Any CPU = Debug|Any CPU
		Release|Any CPU = Release|Any CPU
	EndGlobalSection
	GlobalSection(ProjectConfigurationPlatforms) = postSolution
		{1B5A15D1-927E-4BFA-81FA-F9CFFD4C9A48}.Debug|Any CPU.ActiveCfg = Debug|Any CPU
		{1B5A15D1-927E-4BFA-81FA-F9CFFD4C9A48}.Debug|Any CPU.Build.0 = Debug|Any CPU
		{1B5A15D1-927E-4BFA-81FA-F9CFFD4C9A48}.Release|Any CPU.ActiveCfg = Release|Any CPU
		{1B5A15D1-927E-4BFA-81FA-F9CFFD4C9A48}.Release|Any CPU.Build.0 = Release|Any CPU
	EndGlobalSection
	GlobalSection(SolutionProperties) = preSolution
		HideSolutionNode = FALSE
	EndGlobalSection
	GlobalSection(ExtensibilityGlobals) = postSolution
		SolutionGuid = {602FE751-7FEB-483A-B6A7-924AA3942B48}
	EndGlobalSection
EndGlobal
